
Microsoft Visual Studio Solution File, Format Version 12.00
# Visual Studio Version 16
VisualStudioVersion = 16.0.30804.86
MinimumVisualStudioVersion = 10.0.40219.1
Project("{9A19103F-16F7-4668-BE54-9A1E7A4F7556}") = "WLC", "WLC\WLC.csproj", "{115D5F77-C32C-4B67-B2A8-A7088E2C1C4D}"
EndProject
Project("{00D1A9C2-B5F0-4AF3-8072-F6C62B433612}") = "WLC.Database", "WLC.Database\WLC.Database.sqlproj", "{C445402C-C599-4C35-BE87-D3CFCE6CEB62}"
EndProject
Global
	GlobalSection(SolutionConfigurationPlatforms) = preSolution
		Debug|Any CPU = Debug|Any CPU
		Release|Any CPU = Release|Any CPU
	EndGlobalSection
	GlobalSection(ProjectConfigurationPlatforms) = postSolution
		{115D5F77-C32C-4B67-B2A8-A7088E2C1C4D}.Debug|Any CPU.ActiveCfg = Debug|Any CPU
		{115D5F77-C32C-4B67-B2A8-A7088E2C1C4D}.Debug|Any CPU.Build.0 = Debug|Any CPU
		{115D5F77-C32C-4B67-B2A8-A7088E2C1C4D}.Release|Any CPU.ActiveCfg = Release|Any CPU
		{115D5F77-C32C-4B67-B2A8-A7088E2C1C4D}.Release|Any CPU.Build.0 = Release|Any CPU
		{C445402C-C599-4C35-BE87-D3CFCE6CEB62}.Debug|Any CPU.ActiveCfg = Debug|Any CPU
		{C445402C-C599-4C35-BE87-D3CFCE6CEB62}.Debug|Any CPU.Build.0 = Debug|Any CPU
		{C445402C-C599-4C35-BE87-D3CFCE6CEB62}.Debug|Any CPU.Deploy.0 = Debug|Any CPU
		{C445402C-C599-4C35-BE87-D3CFCE6CEB62}.Release|Any CPU.ActiveCfg = Release|Any CPU
		{C445402C-C599-4C35-BE87-D3CFCE6CEB62}.Release|Any CPU.Build.0 = Release|Any CPU
		{C445402C-C599-4C35-BE87-D3CFCE6CEB62}.Release|Any CPU.Deploy.0 = Release|Any CPU
	EndGlobalSection
	GlobalSection(SolutionProperties) = preSolution
		HideSolutionNode = FALSE
	EndGlobalSection
	GlobalSection(ExtensibilityGlobals) = postSolution
		SolutionGuid = {1A197146-C2DD-4A61-B55A-A4BA8ADDD936}
	EndGlobalSection
EndGlobal
