
Microsoft Visual Studio Solution File, Format Version 12.00
# Visual Studio 15
VisualStudioVersion = 15.0.28307.438
MinimumVisualStudioVersion = 10.0.40219.1
Project("{FAE04EC0-301F-11D3-BF4B-00C04F79EFBC}") = "WLC", "WLC\WLC.csproj", "{115D5F77-C32C-4B67-B2A8-A7088E2C1C4D}"
EndProject
Global
	GlobalSection(SolutionConfigurationPlatforms) = preSolution
		Debug|Any CPU = Debug|Any CPU
		Release|Any CPU = Release|Any CPU
	EndGlobalSection
	GlobalSection(ProjectConfigurationPlatforms) = postSolution
		{115D5F77-C32C-4B67-B2A8-A7088E2C1C4D}.Debug|Any CPU.ActiveCfg = Debug|Any CPU
		{115D5F77-C32C-4B67-B2A8-A7088E2C1C4D}.Debug|Any CPU.Build.0 = Debug|Any CPU
		{115D5F77-C32C-4B67-B2A8-A7088E2C1C4D}.Release|Any CPU.ActiveCfg = Release|Any CPU
		{115D5F77-C32C-4B67-B2A8-A7088E2C1C4D}.Release|Any CPU.Build.0 = Release|Any CPU
	EndGlobalSection
	GlobalSection(SolutionProperties) = preSolution
		HideSolutionNode = FALSE
	EndGlobalSection
	GlobalSection(ExtensibilityGlobals) = postSolution
		SolutionGuid = {1A197146-C2DD-4A61-B55A-A4BA8ADDD936}
	EndGlobalSection
EndGlobal
